<?xml version="1.0" encoding="utf-8"?>
<Project ToolsVersion="4.0" xmlns="http://schemas.microsoft.com/developer/msbuild/2003">
  <ItemGroup>
    <Filter Include="ソース ファイル">
      <UniqueIdentifier>{4FC737F1-C7A5-4376-A066-2A32D752A2FF}</UniqueIdentifier>
      <Extensions>cpp;c;cc;cxx;c++;cppm;ixx;def;odl;idl;hpj;bat;asm;asmx</Extensions>
    </Filter>
    <Filter Include="ソース ファイル\リソース ファイル">
      <UniqueIdentifier>{67DA6AB6-F800-4c08-8B7A-83BB121AAD01}</UniqueIdentifier>
      <Extensions>rc;ico;cur;bmp;dlg;rc2;rct;bin;rgs;gif;jpg;jpeg;jpe;resx;tiff;tif;png;wav;mfcribbon-ms</Extensions>
    </Filter>
    <Filter Include="ソース ファイル\1_MainFrame">
      <UniqueIdentifier>{a05cca16-2aee-4170-a41e-9f84dfdb0487}</UniqueIdentifier>
    </Filter>
    <Filter Include="ソース ファイル\1_MainFrame\GUI">
      <UniqueIdentifier>{443e4728-733e-47c8-ae1e-17c40449c28d}</UniqueIdentifier>
    </Filter>
    <Filter Include="ソース ファイル\1_MainFrame\GUI\Internal processing">
      <UniqueIdentifier>{1af6bf24-6530-4d11-8f14-13991b5e4774}</UniqueIdentifier>
    </Filter>
    <Filter Include="ソース ファイル\1_MainFrame\GUI\View">
      <UniqueIdentifier>{306ee381-2d50-4435-99d5-f6e344be05b9}</UniqueIdentifier>
    </Filter>
    <Filter Include="ソース ファイル\1_MainFrame\Sys">
      <UniqueIdentifier>{db6a1d7e-36d0-4766-a177-40a57d57ba05}</UniqueIdentifier>
    </Filter>
    <Filter Include="ソース ファイル\1_MainFrame\Sys\Archive">
      <UniqueIdentifier>{694d96e6-a20e-4058-8d62-c8138137cc42}</UniqueIdentifier>
    </Filter>
    <Filter Include="ソース ファイル\1_MainFrame\BaseClass">
      <UniqueIdentifier>{9a907b63-a5b3-4191-b9c2-d7e18ab2d61f}</UniqueIdentifier>
    </Filter>
    <Filter Include="ソース ファイル\1_MainFrame\App">
      <UniqueIdentifier>{d95ae04f-911c-4eef-b41d-a1c2a2310a79}</UniqueIdentifier>
    </Filter>
    <Filter Include="ソース ファイル\1_MainFrame\AssetManager">
      <UniqueIdentifier>{e7c5ffb3-dad8-4d73-89f5-e4b021d0524c}</UniqueIdentifier>
    </Filter>
    <Filter Include="ソース ファイル\1_MainFrame\Component">
      <UniqueIdentifier>{27dfb793-5b5a-4ad2-aafd-2cbf1dbe4f30}</UniqueIdentifier>
    </Filter>
    <Filter Include="ソース ファイル\1_MainFrame\Component\3DModel">
      <UniqueIdentifier>{f27f271d-0778-4977-b2a5-e4ff12965620}</UniqueIdentifier>
    </Filter>
    <Filter Include="ソース ファイル\1_MainFrame\Component\physics">
      <UniqueIdentifier>{eaf903e9-45be-4578-8e93-a61e6b3246ca}</UniqueIdentifier>
    </Filter>
    <Filter Include="ソース ファイル\1_MainFrame\Component\basics">
      <UniqueIdentifier>{ee58dcc4-2263-4b31-b840-34f4461c602c}</UniqueIdentifier>
    </Filter>
    <Filter Include="ソース ファイル\1_MainFrame\Component\Other">
      <UniqueIdentifier>{04cbe45d-caee-4c72-a898-83214dc97728}</UniqueIdentifier>
    </Filter>
    <Filter Include="ソース ファイル\2_Engine">
      <UniqueIdentifier>{a59b5566-e94c-496d-af17-e8f4177691e3}</UniqueIdentifier>
    </Filter>
    <Filter Include="ソース ファイル\2_Engine\Manager">
      <UniqueIdentifier>{a767e929-0ea9-4db3-922d-cf813b1b6179}</UniqueIdentifier>
    </Filter>
    <Filter Include="ソース ファイル\2_Engine\Frame">
      <UniqueIdentifier>{fd38ca51-27e2-45b8-82e5-7b9eef7346a6}</UniqueIdentifier>
    </Filter>
    <Filter Include="ソース ファイル\3_Animator2DEditor">
      <UniqueIdentifier>{ec7645fa-7e8c-4f5d-b450-6146287e5f88}</UniqueIdentifier>
    </Filter>
    <Filter Include="ソース ファイル\3_Animator2DEditor\Animator2D">
      <UniqueIdentifier>{37caf2ce-cb5c-4114-9424-f1b8a1069438}</UniqueIdentifier>
    </Filter>
    <Filter Include="ソース ファイル\3_Animator2DEditor\Frame">
      <UniqueIdentifier>{37ebd7f7-be21-4dfd-8658-8ef283c670b4}</UniqueIdentifier>
    </Filter>
    <Filter Include="ソース ファイル\1_MainFrame\Component\Renderer">
      <UniqueIdentifier>{e2bda8b6-348b-4a15-968c-f9e574f95498}</UniqueIdentifier>
    </Filter>
    <Filter Include="ソース ファイル\1_MainFrame\Other">
      <UniqueIdentifier>{b2571b3c-9044-479a-a41e-ab69bf033c32}</UniqueIdentifier>
    </Filter>
    <Filter Include="ソース ファイル\1_MainFrame\API">
      <UniqueIdentifier>{fcd8345f-cb8a-4536-bc09-eaa90da3203b}</UniqueIdentifier>
    </Filter>
    <Filter Include="ソース ファイル\1_MainFrame\PostEffect">
      <UniqueIdentifier>{ea3205c7-7486-4cab-9a5d-da28742d90c8}</UniqueIdentifier>
    </Filter>
    <Filter Include="ソース ファイル\4_IZANAGI">
      <UniqueIdentifier>{621dd858-4c7d-46f4-b883-a65b8060d49f}</UniqueIdentifier>
    </Filter>
  </ItemGroup>
  <ItemGroup>
    <ClCompile Include="Object.cpp">
      <Filter>ソース ファイル\1_MainFrame\BaseClass</Filter>
    </ClCompile>
    <ClCompile Include="System.cpp">
      <Filter>ソース ファイル\1_MainFrame\Sys</Filter>
    </ClCompile>
    <ClCompile Include="SceneManger.cpp">
      <Filter>ソース ファイル\2_Engine\Manager</Filter>
    </ClCompile>
    <ClCompile Include="IMGUI\imgui.cpp">
      <Filter>ソース ファイル\1_MainFrame\GUI\Internal processing</Filter>
    </ClCompile>
    <ClCompile Include="IMGUI\imgui_demo.cpp">
      <Filter>ソース ファイル\1_MainFrame\GUI\Internal processing</Filter>
    </ClCompile>
    <ClCompile Include="IMGUI\imgui_draw.cpp">
      <Filter>ソース ファイル\1_MainFrame\GUI\Internal processing</Filter>
    </ClCompile>
    <ClCompile Include="IMGUI\imgui_impl_dx11.cpp">
      <Filter>ソース ファイル\1_MainFrame\GUI\Internal processing</Filter>
    </ClCompile>
    <ClCompile Include="IMGUI\imgui_impl_win32.cpp">
      <Filter>ソース ファイル\1_MainFrame\GUI\Internal processing</Filter>
    </ClCompile>
    <ClCompile Include="IMGUI\imgui_tables.cpp">
      <Filter>ソース ファイル\1_MainFrame\GUI\Internal processing</Filter>
    </ClCompile>
    <ClCompile Include="IMGUI\imgui_widgets.cpp">
      <Filter>ソース ファイル\1_MainFrame\GUI\Internal processing</Filter>
    </ClCompile>
    <ClCompile Include="Scene.cpp">
      <Filter>ソース ファイル\1_MainFrame\BaseClass</Filter>
    </ClCompile>
    <ClCompile Include="GameRenderTarget.cpp">
      <Filter>ソース ファイル\1_MainFrame\Sys</Filter>
    </ClCompile>
    <ClCompile Include="SettingManager.cpp">
      <Filter>ソース ファイル\2_Engine\Manager</Filter>
    </ClCompile>
    <ClCompile Include="ComponentManager.cpp">
      <Filter>ソース ファイル\2_Engine\Manager</Filter>
    </ClCompile>
    <ClCompile Include="ShaderManager.cpp">
      <Filter>ソース ファイル\2_Engine\Manager</Filter>
    </ClCompile>
    <ClCompile Include="HashUtill.cpp">
      <Filter>ソース ファイル\1_MainFrame\Sys\Archive</Filter>
    </ClCompile>
    <ClCompile Include="ModelManager.cpp">
      <Filter>ソース ファイル\1_MainFrame\AssetManager</Filter>
    </ClCompile>
    <ClCompile Include="ResourceService.cpp">
      <Filter>ソース ファイル\1_MainFrame\AssetManager</Filter>
    </ClCompile>
    <ClCompile Include="SoundManager.cpp">
      <Filter>ソース ファイル\1_MainFrame\AssetManager</Filter>
    </ClCompile>
    <ClCompile Include="TextureManager.cpp">
      <Filter>ソース ファイル\1_MainFrame\AssetManager</Filter>
    </ClCompile>
    <ClCompile Include="AssetManager.cpp">
      <Filter>ソース ファイル\1_MainFrame\AssetManager</Filter>
    </ClCompile>
    <ClCompile Include="File.cpp">
      <Filter>ソース ファイル\1_MainFrame\Sys</Filter>
    </ClCompile>
    <ClCompile Include="Input.cpp">
      <Filter>ソース ファイル\1_MainFrame\Other</Filter>
    </ClCompile>
    <ClCompile Include="ScriptManager.cpp">
      <Filter>ソース ファイル\2_Engine\Manager</Filter>
    </ClCompile>
    <ClCompile Include="CollisionManager.cpp">
      <Filter>ソース ファイル\2_Engine\Manager</Filter>
    </ClCompile>
    <ClCompile Include="AnimationComponent.cpp">
      <Filter>ソース ファイル\1_MainFrame\Component\3DModel</Filter>
    </ClCompile>
    <ClCompile Include="ModelRender.cpp">
      <Filter>ソース ファイル\1_MainFrame\Component\3DModel</Filter>
    </ClCompile>
    <ClCompile Include="RigidBody.cpp">
      <Filter>ソース ファイル\1_MainFrame\Component\physics</Filter>
    </ClCompile>
    <ClCompile Include="CameraComponent.cpp">
      <Filter>ソース ファイル\1_MainFrame\Component\basics</Filter>
    </ClCompile>
    <ClCompile Include="ImageRender.cpp">
      <Filter>ソース ファイル\1_MainFrame\Component\Renderer</Filter>
    </ClCompile>
    <ClCompile Include="ScripComponent.cpp">
      <Filter>ソース ファイル\1_MainFrame\Component\Other</Filter>
    </ClCompile>
    <ClCompile Include="BoxCollision.cpp">
      <Filter>ソース ファイル\1_MainFrame\Component\physics</Filter>
    </ClCompile>
    <ClCompile Include="_Geometry.cpp">
      <Filter>ソース ファイル\1_MainFrame\Other</Filter>
    </ClCompile>
    <ClCompile Include="Animator2D.cpp">
      <Filter>ソース ファイル\1_MainFrame\BaseClass</Filter>
    </ClCompile>
    <ClCompile Include="Animator2DComponent.cpp">
      <Filter>ソース ファイル\1_MainFrame\Component\Other</Filter>
    </ClCompile>
    <ClCompile Include="MainFrame.cpp">
      <Filter>ソース ファイル\1_MainFrame\App</Filter>
    </ClCompile>
    <ClCompile Include="StartUp.cpp">
      <Filter>ソース ファイル\1_MainFrame\App</Filter>
    </ClCompile>
    <ClCompile Include="EngineFrame.cpp">
      <Filter>ソース ファイル\2_Engine\Frame</Filter>
    </ClCompile>
    <ClCompile Include="EngineFrame_GUI.cpp">
      <Filter>ソース ファイル\2_Engine\Frame</Filter>
    </ClCompile>
    <ClCompile Include="GUI.cpp">
      <Filter>ソース ファイル\1_MainFrame\GUI\View</Filter>
    </ClCompile>
    <ClCompile Include="AnimationDebug.cpp">
      <Filter>ソース ファイル\1_MainFrame\Component\3DModel</Filter>
    </ClCompile>
    <ClCompile Include="Animator2DFrame.cpp">
      <Filter>ソース ファイル\3_Animator2DEditor\Frame</Filter>
    </ClCompile>
    <ClCompile Include="Animator2DFrame_GUI.cpp">
      <Filter>ソース ファイル\3_Animator2DEditor\Frame</Filter>
    </ClCompile>
    <ClCompile Include="TimelineEditor.cpp">
      <Filter>ソース ファイル\3_Animator2DEditor\Animator2D</Filter>
    </ClCompile>
    <ClCompile Include="Animator2DManager.cpp">
      <Filter>ソース ファイル\1_MainFrame\AssetManager</Filter>
    </ClCompile>
    <ClCompile Include="Math.cpp">
      <Filter>ソース ファイル\1_MainFrame\Sys</Filter>
    </ClCompile>
    <ClCompile Include="EasingGraph.cpp">
      <Filter>ソース ファイル\3_Animator2DEditor\Animator2D</Filter>
    </ClCompile>
    <ClCompile Include="ImageUtils.cpp">
      <Filter>ソース ファイル\1_MainFrame\Sys</Filter>
    </ClCompile>
    <ClCompile Include="API.cpp">
      <Filter>ソース ファイル\1_MainFrame\API</Filter>
    </ClCompile>
    <ClCompile Include="IScript.cpp">
      <Filter>ソース ファイル\1_MainFrame\API</Filter>
    </ClCompile>
    <ClCompile Include="LightComponent.cpp">
      <Filter>ソース ファイル\1_MainFrame\Component\Other</Filter>
    </ClCompile>
    <ClCompile Include="Builder.cpp">
      <Filter>ソース ファイル\1_MainFrame\Sys</Filter>
    </ClCompile>
    <ClCompile Include="CapsuleCollision.cpp">
      <Filter>ソース ファイル\1_MainFrame\Component\physics</Filter>
    </ClCompile>
    <ClCompile Include="LayerSettings.cpp">
      <Filter>ソース ファイル\1_MainFrame\BaseClass</Filter>
    </ClCompile>
    <ClCompile Include="PixelateEffect.cpp">
      <Filter>ソース ファイル\1_MainFrame\PostEffect</Filter>
    </ClCompile>
    <ClCompile Include="BloomEffect.cpp">
      <Filter>ソース ファイル\1_MainFrame\PostEffect</Filter>
    </ClCompile>
    <ClCompile Include="EffectManager.cpp">
      <Filter>ソース ファイル\1_MainFrame\AssetManager</Filter>
    </ClCompile>
    <ClCompile Include="EffectComponent.cpp">
      <Filter>ソース ファイル\1_MainFrame\Component\Renderer</Filter>
    </ClCompile>
    <ClCompile Include="Pixeon2_API.cpp">
      <Filter>ソース ファイル\1_MainFrame\API</Filter>
    </ClCompile>
    <ClCompile Include="ColorGradingEffect .cpp">
      <Filter>ソース ファイル\1_MainFrame\PostEffect</Filter>
    </ClCompile>
    <ClCompile Include="IZANAGI.cpp">
      <Filter>ソース ファイル\4_IZANAGI</Filter>
    </ClCompile>
    <ClCompile Include="ChatWindow.cpp">
      <Filter>ソース ファイル\4_IZANAGI</Filter>
    </ClCompile>
  </ItemGroup>
  <ItemGroup>
    <ClInclude Include="Object.h">
      <Filter>ソース ファイル\1_MainFrame\BaseClass</Filter>
    </ClInclude>
    <ClInclude Include="Component.h">
      <Filter>ソース ファイル\1_MainFrame\BaseClass</Filter>
    </ClInclude>
    <ClInclude Include="System.h">
      <Filter>ソース ファイル\1_MainFrame\Sys</Filter>
    </ClInclude>
    <ClInclude Include="SceneManger.h">
      <Filter>ソース ファイル\2_Engine\Manager</Filter>
    </ClInclude>
    <ClInclude Include="IMGUI\imstb_truetype.h">
      <Filter>ソース ファイル\1_MainFrame\GUI\Internal processing</Filter>
    </ClInclude>
    <ClInclude Include="IMGUI\imgui.h">
      <Filter>ソース ファイル\1_MainFrame\GUI\Internal processing</Filter>
    </ClInclude>
    <ClInclude Include="IMGUI\imgui_impl_dx11.h">
      <Filter>ソース ファイル\1_MainFrame\GUI\Internal processing</Filter>
    </ClInclude>
    <ClInclude Include="IMGUI\imgui_impl_win32.h">
      <Filter>ソース ファイル\1_MainFrame\GUI\Internal processing</Filter>
    </ClInclude>
    <ClInclude Include="IMGUI\imgui_internal.h">
      <Filter>ソース ファイル\1_MainFrame\GUI\Internal processing</Filter>
    </ClInclude>
    <ClInclude Include="IMGUI\imstb_rectpack.h">
      <Filter>ソース ファイル\1_MainFrame\GUI\Internal processing</Filter>
    </ClInclude>
    <ClInclude Include="IMGUI\imstb_textedit.h">
      <Filter>ソース ファイル\1_MainFrame\GUI\Internal processing</Filter>
    </ClInclude>
    <ClInclude Include="IMGUI\imconfig.h">
      <Filter>ソース ファイル\1_MainFrame\GUI\Internal processing</Filter>
    </ClInclude>
    <ClInclude Include="Scene.h">
      <Filter>ソース ファイル\1_MainFrame\BaseClass</Filter>
    </ClInclude>
    <ClInclude Include="GameRenderTarget.h">
      <Filter>ソース ファイル\1_MainFrame\Sys</Filter>
    </ClInclude>
    <ClInclude Include="SettingManager.h">
      <Filter>ソース ファイル\2_Engine\Manager</Filter>
    </ClInclude>
    <ClInclude Include="ComponentManager.h">
      <Filter>ソース ファイル\2_Engine\Manager</Filter>
    </ClInclude>
    <ClInclude Include="ShaderManager.h">
      <Filter>ソース ファイル\2_Engine\Manager</Filter>
    </ClInclude>
    <ClInclude Include="Struct.h">
      <Filter>ソース ファイル\1_MainFrame\Other</Filter>
    </ClInclude>
    <ClInclude Include="ArchiveFormat.h">
      <Filter>ソース ファイル\1_MainFrame\Sys\Archive</Filter>
    </ClInclude>
    <ClInclude Include="HashUtill.h">
      <Filter>ソース ファイル\1_MainFrame\Sys\Archive</Filter>
    </ClInclude>
    <ClInclude Include="ModelManager.h">
      <Filter>ソース ファイル\1_MainFrame\AssetManager</Filter>
    </ClInclude>
    <ClInclude Include="ResourceService.h">
      <Filter>ソース ファイル\1_MainFrame\AssetManager</Filter>
    </ClInclude>
    <ClInclude Include="SoundManager.h">
      <Filter>ソース ファイル\1_MainFrame\AssetManager</Filter>
    </ClInclude>
    <ClInclude Include="TextureManager.h">
      <Filter>ソース ファイル\1_MainFrame\AssetManager</Filter>
    </ClInclude>
    <ClInclude Include="AssetManager.h">
      <Filter>ソース ファイル\1_MainFrame\AssetManager</Filter>
    </ClInclude>
    <ClInclude Include="AssetTypes.h">
      <Filter>ソース ファイル\1_MainFrame\AssetManager</Filter>
    </ClInclude>
    <ClInclude Include="File.h">
      <Filter>ソース ファイル\1_MainFrame\Sys</Filter>
    </ClInclude>
    <ClInclude Include="Input.h">
      <Filter>ソース ファイル\1_MainFrame\Other</Filter>
    </ClInclude>
    <ClInclude Include="ScriptManager.h">
      <Filter>ソース ファイル\2_Engine\Manager</Filter>
    </ClInclude>
    <ClInclude Include="BoneNodeMapping.h">
      <Filter>ソース ファイル\1_MainFrame\Other</Filter>
    </ClInclude>
    <ClInclude Include="WeightFix.h">
      <Filter>ソース ファイル\1_MainFrame\Other</Filter>
    </ClInclude>
    <ClInclude Include="MatrixUtil.h">
      <Filter>ソース ファイル\1_MainFrame\Other</Filter>
    </ClInclude>
    <ClInclude Include="CollisionManager.h">
      <Filter>ソース ファイル\2_Engine\Manager</Filter>
    </ClInclude>
    <ClInclude Include="AnimationComponent.h">
      <Filter>ソース ファイル\1_MainFrame\Component\3DModel</Filter>
    </ClInclude>
    <ClInclude Include="ModelRender.h">
      <Filter>ソース ファイル\1_MainFrame\Component\3DModel</Filter>
    </ClInclude>
    <ClInclude Include="RigidBody.h">
      <Filter>ソース ファイル\1_MainFrame\Component\physics</Filter>
    </ClInclude>
    <ClInclude Include="CameraComponent.h">
      <Filter>ソース ファイル\1_MainFrame\Component\basics</Filter>
    </ClInclude>
    <ClInclude Include="ImageRender.h">
      <Filter>ソース ファイル\1_MainFrame\Component\Renderer</Filter>
    </ClInclude>
    <ClInclude Include="ScripComponent.h">
      <Filter>ソース ファイル\1_MainFrame\Component\Other</Filter>
    </ClInclude>
    <ClInclude Include="BoxCollision.h">
      <Filter>ソース ファイル\1_MainFrame\Component\physics</Filter>
    </ClInclude>
    <ClInclude Include="_Geometry.h">
      <Filter>ソース ファイル\1_MainFrame\Other</Filter>
    </ClInclude>
    <ClInclude Include="Animator2D.h">
      <Filter>ソース ファイル\1_MainFrame\BaseClass</Filter>
    </ClInclude>
    <ClInclude Include="Animator2DComponent.h">
      <Filter>ソース ファイル\1_MainFrame\Component\Other</Filter>
    </ClInclude>
    <ClInclude Include="MainFrame.h">
      <Filter>ソース ファイル\1_MainFrame\App</Filter>
    </ClInclude>
    <ClInclude Include="StartUp.h">
      <Filter>ソース ファイル\1_MainFrame\App</Filter>
    </ClInclude>
    <ClInclude Include="EngineFrame.h">
      <Filter>ソース ファイル\2_Engine\Frame</Filter>
    </ClInclude>
    <ClInclude Include="GUI.h">
      <Filter>ソース ファイル\1_MainFrame\GUI\View</Filter>
    </ClInclude>
    <ClInclude Include="AnimationDebug.h">
      <Filter>ソース ファイル\1_MainFrame\Component\3DModel</Filter>
    </ClInclude>
    <ClInclude Include="Animator2DFrame.h">
      <Filter>ソース ファイル\3_Animator2DEditor\Frame</Filter>
    </ClInclude>
    <ClInclude Include="TimelineEditor.h">
      <Filter>ソース ファイル\3_Animator2DEditor\Animator2D</Filter>
    </ClInclude>
    <ClInclude Include="Animator2DManager.h">
      <Filter>ソース ファイル\1_MainFrame\AssetManager</Filter>
    </ClInclude>
    <ClInclude Include="Math.h">
      <Filter>ソース ファイル\1_MainFrame\Sys</Filter>
    </ClInclude>
    <ClInclude Include="EasingGraph.h">
      <Filter>ソース ファイル\3_Animator2DEditor\Animator2D</Filter>
    </ClInclude>
    <ClInclude Include="ImageUtils.h">
      <Filter>ソース ファイル\1_MainFrame\Sys</Filter>
    </ClInclude>
    <ClInclude Include="API.h">
      <Filter>ソース ファイル\1_MainFrame\API</Filter>
    </ClInclude>
    <ClInclude Include="IScript.h">
      <Filter>ソース ファイル\1_MainFrame\API</Filter>
    </ClInclude>
    <ClInclude Include="LightComponent.h">
      <Filter>ソース ファイル\1_MainFrame\Component\Other</Filter>
    </ClInclude>
    <ClInclude Include="Builder.h">
      <Filter>ソース ファイル\1_MainFrame\Sys</Filter>
    </ClInclude>
    <ClInclude Include="BaseCollision.h">
      <Filter>ソース ファイル\1_MainFrame\BaseClass</Filter>
    </ClInclude>
    <ClInclude Include="CapsuleCollision.h">
      <Filter>ソース ファイル\1_MainFrame\Component\physics</Filter>
    </ClInclude>
    <ClInclude Include="LayerSettings.h">
      <Filter>ソース ファイル\1_MainFrame\BaseClass</Filter>
    </ClInclude>
    <ClInclude Include="PixelateEffect.h">
      <Filter>ソース ファイル\1_MainFrame\PostEffect</Filter>
    </ClInclude>
    <ClInclude Include="BloomEffect.h">
      <Filter>ソース ファイル\1_MainFrame\PostEffect</Filter>
    </ClInclude>
    <ClInclude Include="EffectManager.h">
      <Filter>ソース ファイル\1_MainFrame\AssetManager</Filter>
    </ClInclude>
    <ClInclude Include="EffectComponent.h">
      <Filter>ソース ファイル\1_MainFrame\Component\Renderer</Filter>
    </ClInclude>
    <ClInclude Include="Pixeon2_API.h">
      <Filter>ソース ファイル\1_MainFrame\API</Filter>
    </ClInclude>
    <ClInclude Include="Scriptproperty.h">
      <Filter>ソース ファイル\1_MainFrame\API</Filter>
    </ClInclude>
    <ClInclude Include="ColorGradingEffect.h">
      <Filter>ソース ファイル\1_MainFrame\PostEffect</Filter>
    </ClInclude>
    <ClInclude Include="IZANAGI.h">
      <Filter>ソース ファイル\4_IZANAGI</Filter>
    </ClInclude>
    <ClInclude Include="ChatWindow.h">
      <Filter>ソース ファイル\4_IZANAGI</Filter>
    </ClInclude>
    <ClInclude Include="IconsFontAwesome5.h">
      <Filter>ソース ファイル\1_MainFrame\GUI\View</Filter>
    </ClInclude>
  </ItemGroup>
  <ItemGroup>
    <Text Include="今後の修正.txt">
      <Filter>ソース ファイル\リソース ファイル</Filter>
    </Text>
    <Text Include="命名規則.txt">
      <Filter>ソース ファイル\リソース ファイル</Filter>
    </Text>
  </ItemGroup>
</Project>